
Microsoft Visual Studio Solution File, Format Version 12.00
# Visual Studio Version 16
VisualStudioVersion = 16.0.31321.278
MinimumVisualStudioVersion = 10.0.40219.1
Project("{FAE04EC0-301F-11D3-BF4B-00C04F79EFBC}") = "AppEPI", "AppEPI\AppEPI.csproj", "{7AFDAA53-5C49-4D54-88B6-3FC6285A5F1B}"
EndProject
Global
	GlobalSection(SolutionConfigurationPlatforms) = preSolution
		Debug|Any CPU = Debug|Any CPU
		Release|Any CPU = Release|Any CPU
	EndGlobalSection
	GlobalSection(ProjectConfigurationPlatforms) = postSolution
		{7AFDAA53-5C49-4D54-88B6-3FC6285A5F1B}.Debug|Any CPU.ActiveCfg = Debug|Any CPU
		{7AFDAA53-5C49-4D54-88B6-3FC6285A5F1B}.Debug|Any CPU.Build.0 = Debug|Any CPU
		{7AFDAA53-5C49-4D54-88B6-3FC6285A5F1B}.Release|Any CPU.ActiveCfg = Release|Any CPU
		{7AFDAA53-5C49-4D54-88B6-3FC6285A5F1B}.Release|Any CPU.Build.0 = Release|Any CPU
	EndGlobalSection
	GlobalSection(SolutionProperties) = preSolution
		HideSolutionNode = FALSE
	EndGlobalSection
	GlobalSection(ExtensibilityGlobals) = postSolution
		SolutionGuid = {103DE7F7-532F-42F5-B9AE-7A6C524D178B}
	EndGlobalSection
EndGlobal
